
Microsoft Visual Studio Solution File, Format Version 12.00
# Visual Studio Version 16
VisualStudioVersion = 16.0.28803.352
MinimumVisualStudioVersion = 10.0.40219.1
Project("{FAE04EC0-301F-11D3-BF4B-00C04F79EFBC}") = "ImportMassProInventory", "ImportMassProInventory\ImportMassProInventory.csproj", "{C12E91C4-D491-4145-9F2B-D794241899F9}"
EndProject
Global
	GlobalSection(SolutionConfigurationPlatforms) = preSolution
		Debug|Any CPU = Debug|Any CPU
		Release|Any CPU = Release|Any CPU
	EndGlobalSection
	GlobalSection(ProjectConfigurationPlatforms) = postSolution
		{C12E91C4-D491-4145-9F2B-D794241899F9}.Debug|Any CPU.ActiveCfg = Debug|Any CPU
		{C12E91C4-D491-4145-9F2B-D794241899F9}.Debug|Any CPU.Build.0 = Debug|Any CPU
		{C12E91C4-D491-4145-9F2B-D794241899F9}.Release|Any CPU.ActiveCfg = Release|Any CPU
		{C12E91C4-D491-4145-9F2B-D794241899F9}.Release|Any CPU.Build.0 = Release|Any CPU
	EndGlobalSection
	GlobalSection(SolutionProperties) = preSolution
		HideSolutionNode = FALSE
	EndGlobalSection
	GlobalSection(ExtensibilityGlobals) = postSolution
		SolutionGuid = {F4B785DB-035D-4A6A-846C-77F8B642260C}
	EndGlobalSection
EndGlobal
